
Microsoft Visual Studio Solution File, Format Version 12.00
# Visual Studio Version 17
VisualStudioVersion = 17.0.31903.59
MinimumVisualStudioVersion = 10.0.40219.1
Project("{FAE04EC0-301F-11D3-BF4B-00C04F79EFBC}") = "BookManagement.API", "src\BookManagement.API\BookManagement.API.csproj", "{BAC0B852-33A5-4824-A883-27469E582149}"
EndProject
Project("{FAE04EC0-301F-11D3-BF4B-00C04F79EFBC}") = "BookManagement.Core", "src\BookManagement.Core\BookManagement.Core.csproj", "{6A1862E8-9A42-43D1-AA85-F03603B2B033}"
EndProject
Project("{FAE04EC0-301F-11D3-BF4B-00C04F79EFBC}") = "BookManagement.Data", "src\BookManagement.Data\BookManagement.Data.csproj", "{D32E1C5A-55D7-4F92-92CD-1E9B0BE70E56}"
EndProject
Global
	GlobalSection(SolutionConfigurationPlatforms) = preSolution
		Debug|Any CPU = Debug|Any CPU
		Release|Any CPU = Release|Any CPU
	EndGlobalSection
	GlobalSection(ProjectConfigurationPlatforms) = postSolution
		{BAC0B852-33A5-4824-A883-27469E582149}.Debug|Any CPU.ActiveCfg = Debug|Any CPU
		{BAC0B852-33A5-4824-A883-27469E582149}.Debug|Any CPU.Build.0 = Debug|Any CPU
		{BAC0B852-33A5-4824-A883-27469E582149}.Release|Any CPU.ActiveCfg = Release|Any CPU
		{BAC0B852-33A5-4824-A883-27469E582149}.Release|Any CPU.Build.0 = Release|Any CPU
		{6A1862E8-9A42-43D1-AA85-F03603B2B033}.Debug|Any CPU.ActiveCfg = Debug|Any CPU
		{6A1862E8-9A42-43D1-AA85-F03603B2B033}.Debug|Any CPU.Build.0 = Debug|Any CPU
		{6A1862E8-9A42-43D1-AA85-F03603B2B033}.Release|Any CPU.ActiveCfg = Release|Any CPU
		{6A1862E8-9A42-43D1-AA85-F03603B2B033}.Release|Any CPU.Build.0 = Release|Any CPU
		{D32E1C5A-55D7-4F92-92CD-1E9B0BE70E56}.Debug|Any CPU.ActiveCfg = Debug|Any CPU
		{D32E1C5A-55D7-4F92-92CD-1E9B0BE70E56}.Debug|Any CPU.Build.0 = Debug|Any CPU
		{D32E1C5A-55D7-4F92-92CD-1E9B0BE70E56}.Release|Any CPU.ActiveCfg = Release|Any CPU
		{D32E1C5A-55D7-4F92-92CD-1E9B0BE70E56}.Release|Any CPU.Build.0 = Release|Any CPU
	EndGlobalSection
	GlobalSection(SolutionProperties) = preSolution
		HideSolutionNode = FALSE
	EndGlobalSection
EndGlobal
